
Microsoft Visual Studio Solution File, Format Version 12.00
# Visual Studio Version 17
VisualStudioVersion = 17.5.002.0
MinimumVisualStudioVersion = 10.0.40219.1
Project("{9A19103F-16F7-4668-BE54-9A1E7A4F7556}") = "ApiTarea", "ApiTarea.csproj", "{DD7769AE-58D2-4C79-B8B9-D682788DAF3C}"
EndProject
Global
	GlobalSection(SolutionConfigurationPlatforms) = preSolution
		Debug|Any CPU = Debug|Any CPU
		Release|Any CPU = Release|Any CPU
	EndGlobalSection
	GlobalSection(ProjectConfigurationPlatforms) = postSolution
		{DD7769AE-58D2-4C79-B8B9-D682788DAF3C}.Debug|Any CPU.ActiveCfg = Debug|Any CPU
		{DD7769AE-58D2-4C79-B8B9-D682788DAF3C}.Debug|Any CPU.Build.0 = Debug|Any CPU
		{DD7769AE-58D2-4C79-B8B9-D682788DAF3C}.Release|Any CPU.ActiveCfg = Release|Any CPU
		{DD7769AE-58D2-4C79-B8B9-D682788DAF3C}.Release|Any CPU.Build.0 = Release|Any CPU
	EndGlobalSection
	GlobalSection(SolutionProperties) = preSolution
		HideSolutionNode = FALSE
	EndGlobalSection
	GlobalSection(ExtensibilityGlobals) = postSolution
		SolutionGuid = {D4E74167-3C83-4162-B10C-E220AE4EE8BE}
	EndGlobalSection
EndGlobal
